<?xml version="1.0" encoding="utf-8"?>
<Project ToolsVersion="4.0" xmlns="http://schemas.microsoft.com/developer/msbuild/2003">
  <ItemGroup>
    <Filter Include="CubeStateSolver">
      <UniqueIdentifier>{def058fd-25e1-4105-9887-6d26dcb37129}</UniqueIdentifier>
    </Filter>
    <Filter Include="Graph">
      <UniqueIdentifier>{973ce41a-7a08-49b4-beb0-d47c61a7c7d3}</UniqueIdentifier>
    </Filter>
    <Filter Include="SolverStep">
      <UniqueIdentifier>{bd33eed7-5b9f-4e40-b023-6149716fc2a5}</UniqueIdentifier>
    </Filter>
    <Filter Include="Solution">
      <UniqueIdentifier>{357948f0-3287-435d-bc0d-3ebede232b10}</UniqueIdentifier>
    </Filter>
    <Filter Include="TreeSearch">
      <UniqueIdentifier>{12d7bc9b-17e9-4aea-a8a8-dffc5ac4fe4b}</UniqueIdentifier>
    </Filter>
    <Filter Include="Insertions">
      <UniqueIdentifier>{f958377a-e32f-4fc6-b6a6-d99e53ee8193}</UniqueIdentifier>
    </Filter>
    <Filter Include="Stream">
      <UniqueIdentifier>{04c79966-3e47-41ef-ac67-e8a11d637895}</UniqueIdentifier>
    </Filter>
    <Filter Include="Solver">
      <UniqueIdentifier>{5f58b356-ecdc-49bf-bce2-56a179c9c640}</UniqueIdentifier>
    </Filter>
  </ItemGroup>
  <ItemGroup>
    <ClInclude Include="CubeStateSolver\CubeStateSolver.h">
      <Filter>CubeStateSolver</Filter>
    </ClInclude>
    <ClInclude Include="CubeStateSolver\CubeStateSolver3x3x3Factory.h">
      <Filter>CubeStateSolver</Filter>
    </ClInclude>
    <ClInclude Include="CubeGroup.h" />
    <ClInclude Include="Graph\RootedGraph.h">
      <Filter>Graph</Filter>
    </ClInclude>
    <ClInclude Include="SolverStep\SolverStep.h">
      <Filter>SolverStep</Filter>
    </ClInclude>
    <ClInclude Include="SolverStep\SolverStep_2x2x2Block.h">
      <Filter>SolverStep</Filter>
    </ClInclude>
    <ClInclude Include="SolverStep\SolverStep_2x2x3Block.h">
      <Filter>SolverStep</Filter>
    </ClInclude>
    <ClInclude Include="SolverStep\SolverStep_2x2x3EO.h">
      <Filter>SolverStep</Filter>
    </ClInclude>
    <ClInclude Include="SolverStep\SolverStep_F2LMinus1.h">
      <Filter>SolverStep</Filter>
    </ClInclude>
    <ClInclude Include="SolverStep\SolverStep_Skeleton.h">
      <Filter>SolverStep</Filter>
    </ClInclude>
    <ClInclude Include="Solution\PartialSolution.h">
      <Filter>Solution</Filter>
    </ClInclude>
    <ClInclude Include="Solution\Solution.h">
      <Filter>Solution</Filter>
    </ClInclude>
    <ClInclude Include="Solution\SolutionLogger.h">
      <Filter>Solution</Filter>
    </ClInclude>
    <ClInclude Include="Solution\SolutionStep.h">
      <Filter>Solution</Filter>
    </ClInclude>
    <ClInclude Include="TreeSearch\TwoFaceEO.h">
      <Filter>TreeSearch</Filter>
    </ClInclude>
    <ClInclude Include="Insertions\Corner3Cycle.h">
      <Filter>Insertions</Filter>
    </ClInclude>
    <ClInclude Include="Insertions\SolverCorners.h">
      <Filter>Insertions</Filter>
    </ClInclude>
    <ClInclude Include="Stream\BinaryStream.h">
      <Filter>Stream</Filter>
    </ClInclude>
    <ClInclude Include="Solver\Solver3x3x3.h">
      <Filter>Solver</Filter>
    </ClInclude>
    <ClInclude Include="Solver\Solver2x2x2.h">
      <Filter>Solver</Filter>
    </ClInclude>
    <ClInclude Include="Graph\GraphAlgorithms.h">
      <Filter>Graph</Filter>
    </ClInclude>
    <ClInclude Include="SolverStep\SolverStep_InsertCorners.h">
      <Filter>SolverStep</Filter>
    </ClInclude>
    <ClInclude Include="SolverStep\SolverStep_Corner3Cycle.h">
      <Filter>SolverStep</Filter>
    </ClInclude>
    <ClInclude Include="Insertions\Corners.h">
      <Filter>Insertions</Filter>
    </ClInclude>
    <ClInclude Include="SolverStep\SolverStep_Corner5Cycle.h">
      <Filter>SolverStep</Filter>
    </ClInclude>
    <ClInclude Include="SolverStep\SolverStep_4Corners3Cycle.h">
      <Filter>SolverStep</Filter>
    </ClInclude>
    <ClInclude Include="SolverStep\SolverStep_4Corners2Cycles.h">
      <Filter>SolverStep</Filter>
    </ClInclude>
    <ClInclude Include="SolverStep\SolverStep_4CornersTwisted.h">
      <Filter>SolverStep</Filter>
    </ClInclude>
    <ClInclude Include="SolverStep\SolverStep_3CornersTwisted.h">
      <Filter>SolverStep</Filter>
    </ClInclude>
    <ClInclude Include="SolverStep\SolverStep_2CornersTwisted.h">
      <Filter>SolverStep</Filter>
    </ClInclude>
    <ClInclude Include="SolverStep\SolverStep_5Corners3Cycle.h">
      <Filter>SolverStep</Filter>
    </ClInclude>
  </ItemGroup>
  <ItemGroup>
    <None Include="CubeStateSolver\CubeStateSolver.inl">
      <Filter>CubeStateSolver</Filter>
    </None>
    <None Include="Graph\RootedGraph.inl">
      <Filter>Graph</Filter>
    </None>
  </ItemGroup>
  <ItemGroup>
    <ClCompile Include="CubeStateSolver\CubeStateSolver3x3x3Factory.cpp">
      <Filter>CubeStateSolver</Filter>
    </ClCompile>
    <ClCompile Include="SolverStep\SolverStep_2x2x2Block.cpp">
      <Filter>SolverStep</Filter>
    </ClCompile>
    <ClCompile Include="SolverStep\SolverStep_2x2x3Block.cpp">
      <Filter>SolverStep</Filter>
    </ClCompile>
    <ClCompile Include="SolverStep\SolverStep_2x2x3EO.cpp">
      <Filter>SolverStep</Filter>
    </ClCompile>
    <ClCompile Include="SolverStep\SolverStep_F2LMinus1.cpp">
      <Filter>SolverStep</Filter>
    </ClCompile>
    <ClCompile Include="Solution\PartialSolution.cpp">
      <Filter>Solution</Filter>
    </ClCompile>
    <ClCompile Include="Solution\Solution.cpp">
      <Filter>Solution</Filter>
    </ClCompile>
    <ClCompile Include="Solution\SolutionLogger.cpp">
      <Filter>Solution</Filter>
    </ClCompile>
    <ClCompile Include="Solution\SolutionStep.cpp">
      <Filter>Solution</Filter>
    </ClCompile>
    <ClCompile Include="TreeSearch\TwoFaceEO.cpp">
      <Filter>TreeSearch</Filter>
    </ClCompile>
    <ClCompile Include="Insertions\Corner3Cycle.cpp">
      <Filter>Insertions</Filter>
    </ClCompile>
    <ClCompile Include="Insertions\SolverCorners.cpp">
      <Filter>Insertions</Filter>
    </ClCompile>
    <ClCompile Include="Solver\Solver3x3x3.cpp">
      <Filter>Solver</Filter>
    </ClCompile>
    <ClCompile Include="Solver\Solver2x2x2.cpp">
      <Filter>Solver</Filter>
    </ClCompile>
    <ClCompile Include="SolverStep\SolverStep_Corner3Cycle.cpp">
      <Filter>SolverStep</Filter>
    </ClCompile>
    <ClCompile Include="Insertions\Corners.cpp">
      <Filter>Insertions</Filter>
    </ClCompile>
    <ClCompile Include="SolverStep\SolverStep_Corner5Cycle.cpp">
      <Filter>SolverStep</Filter>
    </ClCompile>
    <ClCompile Include="SolverStep\SolverStep_4Corners3Cycle.cpp">
      <Filter>SolverStep</Filter>
    </ClCompile>
    <ClCompile Include="SolverStep\SolverStep_4Corners2Cycles.cpp">
      <Filter>SolverStep</Filter>
    </ClCompile>
    <ClCompile Include="SolverStep\SolverStep_4CornersTwisted.cpp">
      <Filter>SolverStep</Filter>
    </ClCompile>
    <ClCompile Include="SolverStep\SolverStep_3CornersTwisted.cpp">
      <Filter>SolverStep</Filter>
    </ClCompile>
    <ClCompile Include="SolverStep\SolverStep_2CornersTwisted.cpp">
      <Filter>SolverStep</Filter>
    </ClCompile>
    <ClCompile Include="SolverStep\SolverStep_5Corners3Cycle.cpp">
      <Filter>SolverStep</Filter>
    </ClCompile>
  </ItemGroup>
</Project>