
Microsoft Visual Studio Solution File, Format Version 12.00
# Visual Studio 15
VisualStudioVersion = 15.0.26430.15
MinimumVisualStudioVersion = 10.0.40219.1
Project("{8BC9CEB8-8B4A-11D0-8D11-00A0C91BC942}") = "Cube", "Cube.vcxproj", "{B7395A5A-3FFF-4A48-8EA1-C784D248065E}"
EndProject
Project("{8BC9CEB8-8B4A-11D0-8D11-00A0C91BC942}") = "CubeTest", "..\CubeTest\CubeTest.vcxproj", "{56F22EC9-2158-4F44-9070-8AC89CA20ECF}"
	ProjectSection(ProjectDependencies) = postProject
		{B7395A5A-3FFF-4A48-8EA1-C784D248065E} = {B7395A5A-3FFF-4A48-8EA1-C784D248065E}
	EndProjectSection
EndProject
Project("{8BC9CEB8-8B4A-11D0-8D11-00A0C91BC942}") = "CubeDemo", "..\CubeDemo\CubeDemo.vcxproj", "{0BA71CF0-67D1-4E3B-85EB-A9B6F98C364C}"
	ProjectSection(ProjectDependencies) = postProject
		{B7395A5A-3FFF-4A48-8EA1-C784D248065E} = {B7395A5A-3FFF-4A48-8EA1-C784D248065E}
	EndProjectSection
EndProject
Project("{8BC9CEB8-8B4A-11D0-8D11-00A0C91BC942}") = "CubeConsole", "..\CubeConsole\CubeConsole.vcxproj", "{C6112138-CD7D-4CC8-8285-A222E73D9575}"
EndProject
Global
	GlobalSection(SolutionConfigurationPlatforms) = preSolution
		Debug|Any CPU = Debug|Any CPU
		Debug|x64 = Debug|x64
		Debug|x86 = Debug|x86
		Release|Any CPU = Release|Any CPU
		Release|x64 = Release|x64
		Release|x86 = Release|x86
	EndGlobalSection
	GlobalSection(ProjectConfigurationPlatforms) = postSolution
		{B7395A5A-3FFF-4A48-8EA1-C784D248065E}.Debug|Any CPU.ActiveCfg = Debug|Win32
		{B7395A5A-3FFF-4A48-8EA1-C784D248065E}.Debug|x64.ActiveCfg = Debug|x64
		{B7395A5A-3FFF-4A48-8EA1-C784D248065E}.Debug|x64.Build.0 = Debug|x64
		{B7395A5A-3FFF-4A48-8EA1-C784D248065E}.Debug|x86.ActiveCfg = Debug|Win32
		{B7395A5A-3FFF-4A48-8EA1-C784D248065E}.Debug|x86.Build.0 = Debug|Win32
		{B7395A5A-3FFF-4A48-8EA1-C784D248065E}.Release|Any CPU.ActiveCfg = Release|Win32
		{B7395A5A-3FFF-4A48-8EA1-C784D248065E}.Release|x64.ActiveCfg = Release|x64
		{B7395A5A-3FFF-4A48-8EA1-C784D248065E}.Release|x64.Build.0 = Release|x64
		{B7395A5A-3FFF-4A48-8EA1-C784D248065E}.Release|x86.ActiveCfg = Release|Win32
		{B7395A5A-3FFF-4A48-8EA1-C784D248065E}.Release|x86.Build.0 = Release|Win32
		{56F22EC9-2158-4F44-9070-8AC89CA20ECF}.Debug|Any CPU.ActiveCfg = Debug|Win32
		{56F22EC9-2158-4F44-9070-8AC89CA20ECF}.Debug|x64.ActiveCfg = Debug|x64
		{56F22EC9-2158-4F44-9070-8AC89CA20ECF}.Debug|x64.Build.0 = Debug|x64
		{56F22EC9-2158-4F44-9070-8AC89CA20ECF}.Debug|x86.ActiveCfg = Debug|Win32
		{56F22EC9-2158-4F44-9070-8AC89CA20ECF}.Debug|x86.Build.0 = Debug|Win32
		{56F22EC9-2158-4F44-9070-8AC89CA20ECF}.Release|Any CPU.ActiveCfg = Release|Win32
		{56F22EC9-2158-4F44-9070-8AC89CA20ECF}.Release|x64.ActiveCfg = Release|x64
		{56F22EC9-2158-4F44-9070-8AC89CA20ECF}.Release|x64.Build.0 = Release|x64
		{56F22EC9-2158-4F44-9070-8AC89CA20ECF}.Release|x86.ActiveCfg = Release|Win32
		{56F22EC9-2158-4F44-9070-8AC89CA20ECF}.Release|x86.Build.0 = Release|Win32
		{0BA71CF0-67D1-4E3B-85EB-A9B6F98C364C}.Debug|Any CPU.ActiveCfg = Debug|Win32
		{0BA71CF0-67D1-4E3B-85EB-A9B6F98C364C}.Debug|x64.ActiveCfg = Debug|x64
		{0BA71CF0-67D1-4E3B-85EB-A9B6F98C364C}.Debug|x64.Build.0 = Debug|x64
		{0BA71CF0-67D1-4E3B-85EB-A9B6F98C364C}.Debug|x86.ActiveCfg = Debug|Win32
		{0BA71CF0-67D1-4E3B-85EB-A9B6F98C364C}.Debug|x86.Build.0 = Debug|Win32
		{0BA71CF0-67D1-4E3B-85EB-A9B6F98C364C}.Release|Any CPU.ActiveCfg = Release|Win32
		{0BA71CF0-67D1-4E3B-85EB-A9B6F98C364C}.Release|x64.ActiveCfg = Release|x64
		{0BA71CF0-67D1-4E3B-85EB-A9B6F98C364C}.Release|x64.Build.0 = Release|x64
		{0BA71CF0-67D1-4E3B-85EB-A9B6F98C364C}.Release|x86.ActiveCfg = Release|Win32
		{0BA71CF0-67D1-4E3B-85EB-A9B6F98C364C}.Release|x86.Build.0 = Release|Win32
		{C6112138-CD7D-4CC8-8285-A222E73D9575}.Debug|Any CPU.ActiveCfg = Debug|Win32
		{C6112138-CD7D-4CC8-8285-A222E73D9575}.Debug|x64.ActiveCfg = Debug|x64
		{C6112138-CD7D-4CC8-8285-A222E73D9575}.Debug|x64.Build.0 = Debug|x64
		{C6112138-CD7D-4CC8-8285-A222E73D9575}.Debug|x86.ActiveCfg = Debug|Win32
		{C6112138-CD7D-4CC8-8285-A222E73D9575}.Debug|x86.Build.0 = Debug|Win32
		{C6112138-CD7D-4CC8-8285-A222E73D9575}.Release|Any CPU.ActiveCfg = Release|Win32
		{C6112138-CD7D-4CC8-8285-A222E73D9575}.Release|x64.ActiveCfg = Release|x64
		{C6112138-CD7D-4CC8-8285-A222E73D9575}.Release|x64.Build.0 = Release|x64
		{C6112138-CD7D-4CC8-8285-A222E73D9575}.Release|x86.ActiveCfg = Release|Win32
		{C6112138-CD7D-4CC8-8285-A222E73D9575}.Release|x86.Build.0 = Release|Win32
	EndGlobalSection
	GlobalSection(SolutionProperties) = preSolution
		HideSolutionNode = FALSE
	EndGlobalSection
EndGlobal
