<?xml version="1.0" encoding="utf-8"?>
<Project ToolsVersion="4.0" xmlns="http://schemas.microsoft.com/developer/msbuild/2003">
  <ItemGroup>
    <ClInclude Include="CubeMove.h" />
    <ClInclude Include="Face.h" />
    <ClInclude Include="StickerPosition.h" />
    <ClInclude Include="Cube.h" />
    <ClInclude Include="Cube2x2x2.h" />
    <ClInclude Include="Solver2x2x2.h" />
    <ClInclude Include="3x3x3\Cube3x3x3.h">
      <Filter>3x3x3</Filter>
    </ClInclude>
    <ClInclude Include="3x3x3\Corners3x3x3.h">
      <Filter>3x3x3</Filter>
    </ClInclude>
    <ClInclude Include="3x3x3\Edges3x3x3.h">
      <Filter>3x3x3</Filter>
    </ClInclude>
    <ClInclude Include="3x3x3\Solver2x2x2Block.h">
      <Filter>3x3x3</Filter>
    </ClInclude>
    <ClInclude Include="Graph\RootedGraph.h">
      <Filter>Graph</Filter>
    </ClInclude>
  </ItemGroup>
  <ItemGroup>
    <ClCompile Include="CubeMove.cpp" />
    <ClCompile Include="Face.cpp" />
    <ClCompile Include="Cube.cpp" />
    <ClCompile Include="Cube2x2x2.cpp" />
    <ClCompile Include="StickerPosition.cpp" />
    <ClCompile Include="Solver2x2x2.cpp" />
    <ClCompile Include="3x3x3\Cube3x3x3.cpp">
      <Filter>3x3x3</Filter>
    </ClCompile>
    <ClCompile Include="3x3x3\Edges3x3x3.cpp">
      <Filter>3x3x3</Filter>
    </ClCompile>
    <ClCompile Include="3x3x3\Corners3x3x3.cpp">
      <Filter>3x3x3</Filter>
    </ClCompile>
    <ClCompile Include="3x3x3\Solver2x2x2Block.cpp">
      <Filter>3x3x3</Filter>
    </ClCompile>
  </ItemGroup>
  <ItemGroup>
    <Filter Include="3x3x3">
      <UniqueIdentifier>{d7a10f2b-ed96-4584-acf2-1b20d762f06c}</UniqueIdentifier>
    </Filter>
    <Filter Include="Graph">
      <UniqueIdentifier>{590f5646-8a43-4cca-a473-31b0579ace81}</UniqueIdentifier>
    </Filter>
  </ItemGroup>
  <ItemGroup>
    <None Include="Graph\RootedGraph.inl">
      <Filter>Graph</Filter>
    </None>
  </ItemGroup>
</Project>