<?xml version="1.0" encoding="utf-8"?>
<Project ToolsVersion="4.0" xmlns="http://schemas.microsoft.com/developer/msbuild/2003">
  <ItemGroup>
    <ClInclude Include="CubeMove.h" />
    <ClInclude Include="Face.h" />
    <ClInclude Include="StickerPosition.h" />
    <ClInclude Include="Cube.h" />
    <ClInclude Include="Cube2x2x2.h" />
    <ClInclude Include="Solver2x2x2.h" />
  </ItemGroup>
  <ItemGroup>
    <ClCompile Include="CubeMove.cpp" />
    <ClCompile Include="Face.cpp" />
    <ClCompile Include="Cube.cpp" />
    <ClCompile Include="Cube2x2x2.cpp" />
    <ClCompile Include="StickerPosition.cpp" />
    <ClCompile Include="Solver2x2x2.cpp" />
  </ItemGroup>
</Project>