<?xml version="1.0" encoding="utf-8"?>
<Project ToolsVersion="4.0" xmlns="http://schemas.microsoft.com/developer/msbuild/2003">
  <ItemGroup>
    <ClCompile Include="main.cpp" />
    <ClCompile Include="CubeRenderer.cpp" />
    <ClCompile Include="CubieFaceMesh.cpp" />
    <ClCompile Include="Cubie.cpp" />
    <ClCompile Include="CubeMoveSequenceAnimation.cpp" />
    <ClCompile Include="Scrambler.cpp" />
    <ClCompile Include="CubeDemo.cpp" />
    <ClCompile Include="RenderDevice.cpp" />
    <ClCompile Include="CubeDemoStateMachine.cpp" />
  </ItemGroup>
  <ItemGroup>
    <ClInclude Include="CubeRenderer.h" />
    <ClInclude Include="CubieFaceMesh.h" />
    <ClInclude Include="Cubie.h" />
    <ClInclude Include="CubeMoveSequenceAnimation.h" />
    <ClInclude Include="Scrambler.h" />
    <ClInclude Include="CubeDemo.h" />
    <ClInclude Include="RenderDevice.h" />
    <ClInclude Include="CubeDemoStateMachine.h" />
  </ItemGroup>
</Project>